
Microsoft Visual Studio Solution File, Format Version 12.00
# Visual Studio Version 17
VisualStudioVersion = 17.3.32825.248
MinimumVisualStudioVersion = 10.0.40219.1
Project("{FAE04EC0-301F-11D3-BF4B-00C04F79EFBC}") = "Refactoring", "Refactoring.csproj", "{FB9E7213-C7AA-407E-B6F9-F57C0E3C8B00}"
EndProject
Global
	GlobalSection(SolutionConfigurationPlatforms) = preSolution
		Debug|Any CPU = Debug|Any CPU
		Release|Any CPU = Release|Any CPU
	EndGlobalSection
	GlobalSection(ProjectConfigurationPlatforms) = postSolution
		{FB9E7213-C7AA-407E-B6F9-F57C0E3C8B00}.Debug|Any CPU.ActiveCfg = Debug|Any CPU
		{FB9E7213-C7AA-407E-B6F9-F57C0E3C8B00}.Debug|Any CPU.Build.0 = Debug|Any CPU
		{FB9E7213-C7AA-407E-B6F9-F57C0E3C8B00}.Release|Any CPU.ActiveCfg = Release|Any CPU
		{FB9E7213-C7AA-407E-B6F9-F57C0E3C8B00}.Release|Any CPU.Build.0 = Release|Any CPU
	EndGlobalSection
	GlobalSection(SolutionProperties) = preSolution
		HideSolutionNode = FALSE
	EndGlobalSection
	GlobalSection(ExtensibilityGlobals) = postSolution
		SolutionGuid = {64372D98-324C-48B9-9041-C5A300DBC759}
	EndGlobalSection
EndGlobal
