
Microsoft Visual Studio Solution File, Format Version 12.00
# Visual Studio Version 17
VisualStudioVersion = 17.0.32126.317
MinimumVisualStudioVersion = 10.0.40219.1
Project("{9A19103F-16F7-4668-BE54-9A1E7A4F7556}") = "Control_Fllow_Statements_and_Loops", "Control_Fllow_Statements_and_Loops.csproj", "{79EC3AE3-14CF-4CEE-A19B-C8D826CB9046}"
EndProject
Project("{FAE04EC0-301F-11D3-BF4B-00C04F79EFBC}") = "ConsoleApp3", "..\ConsoleApp3\ConsoleApp3.csproj", "{4E468395-C19E-45ED-97DF-BD369B7DB14A}"
EndProject
Global
	GlobalSection(SolutionConfigurationPlatforms) = preSolution
		Debug|Any CPU = Debug|Any CPU
		Release|Any CPU = Release|Any CPU
	EndGlobalSection
	GlobalSection(ProjectConfigurationPlatforms) = postSolution
		{79EC3AE3-14CF-4CEE-A19B-C8D826CB9046}.Debug|Any CPU.ActiveCfg = Debug|Any CPU
		{79EC3AE3-14CF-4CEE-A19B-C8D826CB9046}.Debug|Any CPU.Build.0 = Debug|Any CPU
		{79EC3AE3-14CF-4CEE-A19B-C8D826CB9046}.Release|Any CPU.ActiveCfg = Release|Any CPU
		{79EC3AE3-14CF-4CEE-A19B-C8D826CB9046}.Release|Any CPU.Build.0 = Release|Any CPU
		{4E468395-C19E-45ED-97DF-BD369B7DB14A}.Debug|Any CPU.ActiveCfg = Debug|Any CPU
		{4E468395-C19E-45ED-97DF-BD369B7DB14A}.Debug|Any CPU.Build.0 = Debug|Any CPU
		{4E468395-C19E-45ED-97DF-BD369B7DB14A}.Release|Any CPU.ActiveCfg = Release|Any CPU
		{4E468395-C19E-45ED-97DF-BD369B7DB14A}.Release|Any CPU.Build.0 = Release|Any CPU
	EndGlobalSection
	GlobalSection(SolutionProperties) = preSolution
		HideSolutionNode = FALSE
	EndGlobalSection
	GlobalSection(ExtensibilityGlobals) = postSolution
		SolutionGuid = {058BCFEE-DA11-40BF-BE06-E8D67041A02E}
	EndGlobalSection
EndGlobal
