
Microsoft Visual Studio Solution File, Format Version 12.00
# Visual Studio Version 17
VisualStudioVersion = 17.3.32825.248
MinimumVisualStudioVersion = 10.0.40219.1
Project("{9A19103F-16F7-4668-BE54-9A1E7A4F7556}") = "LINQ", "LINQ.csproj", "{07A1ADBA-C0F3-4EC8-B105-181D1305ECA6}"
EndProject
Project("{9A19103F-16F7-4668-BE54-9A1E7A4F7556}") = "Cast", "..\Cast\Cast.csproj", "{2A2461D4-7C36-473F-B0FB-4ED68E6178AC}"
EndProject
Project("{9A19103F-16F7-4668-BE54-9A1E7A4F7556}") = "Select and Select Many", "..\Select and Select Many\Select and Select Many.csproj", "{57C92BFB-C20A-4C56-A47C-B782AED8E372}"
EndProject
Project("{9A19103F-16F7-4668-BE54-9A1E7A4F7556}") = "OfTypeandWhere", "..\OfTypeandWhere\OfTypeandWhere.csproj", "{B3E26F6C-7FC9-4897-8BC1-9FFC31CFE3BB}"
EndProject
Project("{FAE04EC0-301F-11D3-BF4B-00C04F79EFBC}") = "OrderBy, ThenBy and Reverse", "..\OrderBy, ThenBy and Reverse\OrderBy, ThenBy and Reverse.csproj", "{42D17E33-3A10-439E-AAB6-B1A3D41A8A4A}"
EndProject
Project("{FAE04EC0-301F-11D3-BF4B-00C04F79EFBC}") = "GroupBy and IGrouping", "..\GroupBy and IGrouping\GroupBy and IGrouping.csproj", "{B7466BF9-1C7A-4BF3-8D59-36872491EB57}"
EndProject
Project("{FAE04EC0-301F-11D3-BF4B-00C04F79EFBC}") = "Distinct, Except, Intersect and Union", "..\Distinct, Except, Intersect and Union\Distinct, Except, Intersect and Union.csproj", "{871C9A0D-AC6E-4E87-9025-410769868EDF}"
EndProject
Global
	GlobalSection(SolutionConfigurationPlatforms) = preSolution
		Debug|Any CPU = Debug|Any CPU
		Release|Any CPU = Release|Any CPU
	EndGlobalSection
	GlobalSection(ProjectConfigurationPlatforms) = postSolution
		{07A1ADBA-C0F3-4EC8-B105-181D1305ECA6}.Debug|Any CPU.ActiveCfg = Debug|Any CPU
		{07A1ADBA-C0F3-4EC8-B105-181D1305ECA6}.Debug|Any CPU.Build.0 = Debug|Any CPU
		{07A1ADBA-C0F3-4EC8-B105-181D1305ECA6}.Release|Any CPU.ActiveCfg = Release|Any CPU
		{07A1ADBA-C0F3-4EC8-B105-181D1305ECA6}.Release|Any CPU.Build.0 = Release|Any CPU
		{2A2461D4-7C36-473F-B0FB-4ED68E6178AC}.Debug|Any CPU.ActiveCfg = Debug|Any CPU
		{2A2461D4-7C36-473F-B0FB-4ED68E6178AC}.Debug|Any CPU.Build.0 = Debug|Any CPU
		{2A2461D4-7C36-473F-B0FB-4ED68E6178AC}.Release|Any CPU.ActiveCfg = Release|Any CPU
		{2A2461D4-7C36-473F-B0FB-4ED68E6178AC}.Release|Any CPU.Build.0 = Release|Any CPU
		{57C92BFB-C20A-4C56-A47C-B782AED8E372}.Debug|Any CPU.ActiveCfg = Debug|Any CPU
		{57C92BFB-C20A-4C56-A47C-B782AED8E372}.Debug|Any CPU.Build.0 = Debug|Any CPU
		{57C92BFB-C20A-4C56-A47C-B782AED8E372}.Release|Any CPU.ActiveCfg = Release|Any CPU
		{57C92BFB-C20A-4C56-A47C-B782AED8E372}.Release|Any CPU.Build.0 = Release|Any CPU
		{B3E26F6C-7FC9-4897-8BC1-9FFC31CFE3BB}.Debug|Any CPU.ActiveCfg = Debug|Any CPU
		{B3E26F6C-7FC9-4897-8BC1-9FFC31CFE3BB}.Debug|Any CPU.Build.0 = Debug|Any CPU
		{B3E26F6C-7FC9-4897-8BC1-9FFC31CFE3BB}.Release|Any CPU.ActiveCfg = Release|Any CPU
		{B3E26F6C-7FC9-4897-8BC1-9FFC31CFE3BB}.Release|Any CPU.Build.0 = Release|Any CPU
		{42D17E33-3A10-439E-AAB6-B1A3D41A8A4A}.Debug|Any CPU.ActiveCfg = Debug|Any CPU
		{42D17E33-3A10-439E-AAB6-B1A3D41A8A4A}.Debug|Any CPU.Build.0 = Debug|Any CPU
		{42D17E33-3A10-439E-AAB6-B1A3D41A8A4A}.Release|Any CPU.ActiveCfg = Release|Any CPU
		{42D17E33-3A10-439E-AAB6-B1A3D41A8A4A}.Release|Any CPU.Build.0 = Release|Any CPU
		{B7466BF9-1C7A-4BF3-8D59-36872491EB57}.Debug|Any CPU.ActiveCfg = Debug|Any CPU
		{B7466BF9-1C7A-4BF3-8D59-36872491EB57}.Debug|Any CPU.Build.0 = Debug|Any CPU
		{B7466BF9-1C7A-4BF3-8D59-36872491EB57}.Release|Any CPU.ActiveCfg = Release|Any CPU
		{B7466BF9-1C7A-4BF3-8D59-36872491EB57}.Release|Any CPU.Build.0 = Release|Any CPU
		{871C9A0D-AC6E-4E87-9025-410769868EDF}.Debug|Any CPU.ActiveCfg = Debug|Any CPU
		{871C9A0D-AC6E-4E87-9025-410769868EDF}.Debug|Any CPU.Build.0 = Debug|Any CPU
		{871C9A0D-AC6E-4E87-9025-410769868EDF}.Release|Any CPU.ActiveCfg = Release|Any CPU
		{871C9A0D-AC6E-4E87-9025-410769868EDF}.Release|Any CPU.Build.0 = Release|Any CPU
	EndGlobalSection
	GlobalSection(SolutionProperties) = preSolution
		HideSolutionNode = FALSE
	EndGlobalSection
	GlobalSection(ExtensibilityGlobals) = postSolution
		SolutionGuid = {01E0F4B1-07DB-4C5B-BA0B-642C3480293F}
	EndGlobalSection
EndGlobal
