
Microsoft Visual Studio Solution File, Format Version 12.00
# Visual Studio Version 17
VisualStudioVersion = 17.0.32126.317
MinimumVisualStudioVersion = 10.0.40219.1
Project("{FAE04EC0-301F-11D3-BF4B-00C04F79EFBC}") = "Regular_Expressions", "Regular_Expressions.csproj", "{4AEB7608-FC99-4F42-9AA9-FBD42053E621}"
EndProject
Global
	GlobalSection(SolutionConfigurationPlatforms) = preSolution
		Debug|Any CPU = Debug|Any CPU
		Release|Any CPU = Release|Any CPU
	EndGlobalSection
	GlobalSection(ProjectConfigurationPlatforms) = postSolution
		{4AEB7608-FC99-4F42-9AA9-FBD42053E621}.Debug|Any CPU.ActiveCfg = Debug|Any CPU
		{4AEB7608-FC99-4F42-9AA9-FBD42053E621}.Debug|Any CPU.Build.0 = Debug|Any CPU
		{4AEB7608-FC99-4F42-9AA9-FBD42053E621}.Release|Any CPU.ActiveCfg = Release|Any CPU
		{4AEB7608-FC99-4F42-9AA9-FBD42053E621}.Release|Any CPU.Build.0 = Release|Any CPU
	EndGlobalSection
	GlobalSection(SolutionProperties) = preSolution
		HideSolutionNode = FALSE
	EndGlobalSection
	GlobalSection(ExtensibilityGlobals) = postSolution
		SolutionGuid = {DE0F72FF-2050-4771-A8B7-2F05A32FA758}
	EndGlobalSection
EndGlobal
