
Microsoft Visual Studio Solution File, Format Version 12.00
# Visual Studio Version 17
VisualStudioVersion = 17.3.32825.248
MinimumVisualStudioVersion = 10.0.40219.1
Project("{FAE04EC0-301F-11D3-BF4B-00C04F79EFBC}") = "Implementing Algorithms in CSharp", "Implementing Algorithms in CSharp.csproj", "{93C70E79-7CED-4E20-B90D-46E042AC7110}"
EndProject
Project("{FAE04EC0-301F-11D3-BF4B-00C04F79EFBC}") = "n_Choose_K_algorithm", "..\n_Choose_K_algorithm\n_Choose_K_algorithm.csproj", "{77A31119-B25E-4ED4-8B54-17A6E4850764}"
EndProject
Global
	GlobalSection(SolutionConfigurationPlatforms) = preSolution
		Debug|Any CPU = Debug|Any CPU
		Release|Any CPU = Release|Any CPU
	EndGlobalSection
	GlobalSection(ProjectConfigurationPlatforms) = postSolution
		{93C70E79-7CED-4E20-B90D-46E042AC7110}.Debug|Any CPU.ActiveCfg = Debug|Any CPU
		{93C70E79-7CED-4E20-B90D-46E042AC7110}.Debug|Any CPU.Build.0 = Debug|Any CPU
		{93C70E79-7CED-4E20-B90D-46E042AC7110}.Release|Any CPU.ActiveCfg = Release|Any CPU
		{93C70E79-7CED-4E20-B90D-46E042AC7110}.Release|Any CPU.Build.0 = Release|Any CPU
		{77A31119-B25E-4ED4-8B54-17A6E4850764}.Debug|Any CPU.ActiveCfg = Debug|Any CPU
		{77A31119-B25E-4ED4-8B54-17A6E4850764}.Debug|Any CPU.Build.0 = Debug|Any CPU
		{77A31119-B25E-4ED4-8B54-17A6E4850764}.Release|Any CPU.ActiveCfg = Release|Any CPU
		{77A31119-B25E-4ED4-8B54-17A6E4850764}.Release|Any CPU.Build.0 = Release|Any CPU
	EndGlobalSection
	GlobalSection(SolutionProperties) = preSolution
		HideSolutionNode = FALSE
	EndGlobalSection
	GlobalSection(ExtensibilityGlobals) = postSolution
		SolutionGuid = {03A70AD5-B079-4248-B943-DF0170C21C48}
	EndGlobalSection
EndGlobal
