
Microsoft Visual Studio Solution File, Format Version 12.00
# Visual Studio Version 17
VisualStudioVersion = 17.0.32126.317
MinimumVisualStudioVersion = 10.0.40219.1
Project("{9A19103F-16F7-4668-BE54-9A1E7A4F7556}") = "User_Input_Files", "User_Input_Files.csproj", "{64BDBB19-206A-433F-AE76-FC6B4DFB710A}"
EndProject
Project("{9A19103F-16F7-4668-BE54-9A1E7A4F7556}") = "ReadKey", "..\ReadKey\ReadKey.csproj", "{8AF3E3C3-7512-4CF4-B5AA-E41BA614369E}"
EndProject
Project("{9A19103F-16F7-4668-BE54-9A1E7A4F7556}") = "Obtain user numeric number", "..\Obtain user numeric number\Obtain user numeric number.csproj", "{266F90FC-FB30-4E37-849E-17643CF69CA4}"
EndProject
Project("{9A19103F-16F7-4668-BE54-9A1E7A4F7556}") = "Working with Files", "..\Working with Files\Working with Files.csproj", "{EB9D8651-C3D5-497F-B6C0-947B284FE6E6}"
EndProject
Project("{FAE04EC0-301F-11D3-BF4B-00C04F79EFBC}") = "Tic tac toe", "..\Tic tac toe\Tic tac toe.csproj", "{89B8D6F8-A739-4600-ADAC-CA30D2C06E6F}"
EndProject
Global
	GlobalSection(SolutionConfigurationPlatforms) = preSolution
		Debug|Any CPU = Debug|Any CPU
		Release|Any CPU = Release|Any CPU
	EndGlobalSection
	GlobalSection(ProjectConfigurationPlatforms) = postSolution
		{64BDBB19-206A-433F-AE76-FC6B4DFB710A}.Debug|Any CPU.ActiveCfg = Debug|Any CPU
		{64BDBB19-206A-433F-AE76-FC6B4DFB710A}.Debug|Any CPU.Build.0 = Debug|Any CPU
		{64BDBB19-206A-433F-AE76-FC6B4DFB710A}.Release|Any CPU.ActiveCfg = Release|Any CPU
		{64BDBB19-206A-433F-AE76-FC6B4DFB710A}.Release|Any CPU.Build.0 = Release|Any CPU
		{8AF3E3C3-7512-4CF4-B5AA-E41BA614369E}.Debug|Any CPU.ActiveCfg = Debug|Any CPU
		{8AF3E3C3-7512-4CF4-B5AA-E41BA614369E}.Debug|Any CPU.Build.0 = Debug|Any CPU
		{8AF3E3C3-7512-4CF4-B5AA-E41BA614369E}.Release|Any CPU.ActiveCfg = Release|Any CPU
		{8AF3E3C3-7512-4CF4-B5AA-E41BA614369E}.Release|Any CPU.Build.0 = Release|Any CPU
		{266F90FC-FB30-4E37-849E-17643CF69CA4}.Debug|Any CPU.ActiveCfg = Debug|Any CPU
		{266F90FC-FB30-4E37-849E-17643CF69CA4}.Debug|Any CPU.Build.0 = Debug|Any CPU
		{266F90FC-FB30-4E37-849E-17643CF69CA4}.Release|Any CPU.ActiveCfg = Release|Any CPU
		{266F90FC-FB30-4E37-849E-17643CF69CA4}.Release|Any CPU.Build.0 = Release|Any CPU
		{EB9D8651-C3D5-497F-B6C0-947B284FE6E6}.Debug|Any CPU.ActiveCfg = Debug|Any CPU
		{EB9D8651-C3D5-497F-B6C0-947B284FE6E6}.Debug|Any CPU.Build.0 = Debug|Any CPU
		{EB9D8651-C3D5-497F-B6C0-947B284FE6E6}.Release|Any CPU.ActiveCfg = Release|Any CPU
		{EB9D8651-C3D5-497F-B6C0-947B284FE6E6}.Release|Any CPU.Build.0 = Release|Any CPU
		{89B8D6F8-A739-4600-ADAC-CA30D2C06E6F}.Debug|Any CPU.ActiveCfg = Debug|Any CPU
		{89B8D6F8-A739-4600-ADAC-CA30D2C06E6F}.Debug|Any CPU.Build.0 = Debug|Any CPU
		{89B8D6F8-A739-4600-ADAC-CA30D2C06E6F}.Release|Any CPU.ActiveCfg = Release|Any CPU
		{89B8D6F8-A739-4600-ADAC-CA30D2C06E6F}.Release|Any CPU.Build.0 = Release|Any CPU
	EndGlobalSection
	GlobalSection(SolutionProperties) = preSolution
		HideSolutionNode = FALSE
	EndGlobalSection
	GlobalSection(ExtensibilityGlobals) = postSolution
		SolutionGuid = {6A6C5EFD-8803-4D5C-9814-7E78F3D0EE8E}
	EndGlobalSection
EndGlobal
